
Microsoft Visual Studio Solution File, Format Version 12.00
# Visual Studio Version 17
VisualStudioVersion = 17.7.34003.232
MinimumVisualStudioVersion = 10.0.40219.1
Project("{9A19103F-16F7-4668-BE54-9A1E7A4F7556}") = "PayPhone", "ComplaintManagement\PayPhone.csproj", "{289E164C-8F56-4A47-B715-DDF591BE3AEF}"
EndProject
Global
	GlobalSection(SolutionConfigurationPlatforms) = preSolution
		Debug|Any CPU = Debug|Any CPU
		Release|Any CPU = Release|Any CPU
	EndGlobalSection
	GlobalSection(ProjectConfigurationPlatforms) = postSolution
		{289E164C-8F56-4A47-B715-DDF591BE3AEF}.Debug|Any CPU.ActiveCfg = Debug|Any CPU
		{289E164C-8F56-4A47-B715-DDF591BE3AEF}.Debug|Any CPU.Build.0 = Debug|Any CPU
		{289E164C-8F56-4A47-B715-DDF591BE3AEF}.Release|Any CPU.ActiveCfg = Release|Any CPU
		{289E164C-8F56-4A47-B715-DDF591BE3AEF}.Release|Any CPU.Build.0 = Release|Any CPU
	EndGlobalSection
	GlobalSection(SolutionProperties) = preSolution
		HideSolutionNode = FALSE
	EndGlobalSection
	GlobalSection(ExtensibilityGlobals) = postSolution
		SolutionGuid = {6AB357DB-A035-40F3-81F9-DB3A5F70C6F1}
	EndGlobalSection
EndGlobal
